
Microsoft Visual Studio Solution File, Format Version 12.00
# Visual Studio Version 16
VisualStudioVersion = 16.0.29306.81
MinimumVisualStudioVersion = 10.0.40219.1
Project("{9A19103F-16F7-4668-BE54-9A1E7A4F7556}") = "Serilog.TestLogger", "Serilog.TestLogger\Serilog.TestLogger.csproj", "{EE5129AA-79D0-476D-830D-97B2D92CF970}"
EndProject
Project("{9A19103F-16F7-4668-BE54-9A1E7A4F7556}") = "Serilog.TestLogger.FluentAssertions", "Serilog.TestLogger.FluentAssertions\Serilog.TestLogger.FluentAssertions.csproj", "{32243384-3B0D-4F94-99B8-896B1B843FAB}"
EndProject
Project("{9A19103F-16F7-4668-BE54-9A1E7A4F7556}") = "Serilog.TestLogger.FluentAssertions.Tests", "Serilog.TestLogger.FluentAssertions.Tests\Serilog.TestLogger.FluentAssertions.Tests.csproj", "{1C0525B8-D9AE-4003-B76B-293A0687FF00}"
EndProject
Project("{2150E333-8FDC-42A3-9474-1A3956D46DE8}") = "Documents", "Documents", "{EDF82600-3C80-497E-A133-DD5BEEB2DF8D}"
	ProjectSection(SolutionItems) = preProject
		azure-pipelines.yml = azure-pipelines.yml
		LICENSE = LICENSE
		README.md = README.md
	EndProjectSection
EndProject
Global
	GlobalSection(SolutionConfigurationPlatforms) = preSolution
		Debug|Any CPU = Debug|Any CPU
		Release|Any CPU = Release|Any CPU
	EndGlobalSection
	GlobalSection(ProjectConfigurationPlatforms) = postSolution
		{EE5129AA-79D0-476D-830D-97B2D92CF970}.Debug|Any CPU.ActiveCfg = Debug|Any CPU
		{EE5129AA-79D0-476D-830D-97B2D92CF970}.Debug|Any CPU.Build.0 = Debug|Any CPU
		{EE5129AA-79D0-476D-830D-97B2D92CF970}.Release|Any CPU.ActiveCfg = Release|Any CPU
		{EE5129AA-79D0-476D-830D-97B2D92CF970}.Release|Any CPU.Build.0 = Release|Any CPU
		{32243384-3B0D-4F94-99B8-896B1B843FAB}.Debug|Any CPU.ActiveCfg = Debug|Any CPU
		{32243384-3B0D-4F94-99B8-896B1B843FAB}.Debug|Any CPU.Build.0 = Debug|Any CPU
		{32243384-3B0D-4F94-99B8-896B1B843FAB}.Release|Any CPU.ActiveCfg = Release|Any CPU
		{32243384-3B0D-4F94-99B8-896B1B843FAB}.Release|Any CPU.Build.0 = Release|Any CPU
		{1C0525B8-D9AE-4003-B76B-293A0687FF00}.Debug|Any CPU.ActiveCfg = Debug|Any CPU
		{1C0525B8-D9AE-4003-B76B-293A0687FF00}.Debug|Any CPU.Build.0 = Debug|Any CPU
		{1C0525B8-D9AE-4003-B76B-293A0687FF00}.Release|Any CPU.ActiveCfg = Release|Any CPU
		{1C0525B8-D9AE-4003-B76B-293A0687FF00}.Release|Any CPU.Build.0 = Release|Any CPU
	EndGlobalSection
	GlobalSection(SolutionProperties) = preSolution
		HideSolutionNode = FALSE
	EndGlobalSection
	GlobalSection(ExtensibilityGlobals) = postSolution
		SolutionGuid = {087577CF-2208-42F1-A897-2D7166D3EA42}
	EndGlobalSection
EndGlobal
